
Microsoft Visual Studio Solution File, Format Version 12.00
# Visual Studio Version 16
VisualStudioVersion = 16.0.32106.194
MinimumVisualStudioVersion = 10.0.40219.1
Project("{FAE04EC0-301F-11D3-BF4B-00C04F79EFBC}") = "Koleksiyonlar-Soru-2", "Koleksiyonlar-Soru-2\Koleksiyonlar-Soru-2.csproj", "{E6D2C92B-8942-40B2-BBB3-190BE1412DFE}"
EndProject
Global
	GlobalSection(SolutionConfigurationPlatforms) = preSolution
		Debug|Any CPU = Debug|Any CPU
		Release|Any CPU = Release|Any CPU
	EndGlobalSection
	GlobalSection(ProjectConfigurationPlatforms) = postSolution
		{E6D2C92B-8942-40B2-BBB3-190BE1412DFE}.Debug|Any CPU.ActiveCfg = Debug|Any CPU
		{E6D2C92B-8942-40B2-BBB3-190BE1412DFE}.Debug|Any CPU.Build.0 = Debug|Any CPU
		{E6D2C92B-8942-40B2-BBB3-190BE1412DFE}.Release|Any CPU.ActiveCfg = Release|Any CPU
		{E6D2C92B-8942-40B2-BBB3-190BE1412DFE}.Release|Any CPU.Build.0 = Release|Any CPU
	EndGlobalSection
	GlobalSection(SolutionProperties) = preSolution
		HideSolutionNode = FALSE
	EndGlobalSection
	GlobalSection(ExtensibilityGlobals) = postSolution
		SolutionGuid = {AA4EDB7D-9744-4A67-A005-62B8B2DC951D}
	EndGlobalSection
EndGlobal
